// !$*UTF8*$!
{
	archiveVersion = 1;
	classes = {
	};
	objectVersion = 46;
	objects = {

/* Begin PBXBuildFile section */
		0217E9B11B7C979300ADCAF8 /* BlockVC.m in Sources */ = {isa = PBXBuildFile; fileRef = 0217E9B01B7C979300ADCAF8 /* BlockVC.m */; };
		021EAF691B7D967700D73BD7 /* UIView+Helper.m in Sources */ = {isa = PBXBuildFile; fileRef = 021EAF681B7D967700D73BD7 /* UIView+Helper.m */; };
		021EAF6B1B7D9A7C00D73BD7 /* QuartzCore.framework in Frameworks */ = {isa = PBXBuildFile; fileRef = 021EAF6A1B7D9A7C00D73BD7 /* QuartzCore.framework */; };
		021EAF6E1B7DBEE800D73BD7 /* TableViewVC.m in Sources */ = {isa = PBXBuildFile; fileRef = 021EAF6D1B7DBEE800D73BD7 /* TableViewVC.m */; };
		021EAF721B7DC19C00D73BD7 /* CustomButton.m in Sources */ = {isa = PBXBuildFile; fileRef = 021EAF711B7DC19C00D73BD7 /* CustomButton.m */; };
		021EAF761B7DCF1200D73BD7 /* CustomCellVC.m in Sources */ = {isa = PBXBuildFile; fileRef = 021EAF751B7DCF1200D73BD7 /* CustomCellVC.m */; };
		021EAF791B7DD11C00D73BD7 /* CustomTableViewCell.m in Sources */ = {isa = PBXBuildFile; fileRef = 021EAF781B7DD11C00D73BD7 /* CustomTableViewCell.m */; };
		021EAFD11B7DDD2900D73BD7 /* Security.framework in Frameworks */ = {isa = PBXBuildFile; fileRef = 021EAFD01B7DDD2900D73BD7 /* Security.framework */; };
		021EAFD31B7DDD3500D73BD7 /* SystemConfiguration.framework in Frameworks */ = {isa = PBXBuildFile; fileRef = 021EAFD21B7DDD3500D73BD7 /* SystemConfiguration.framework */; };
		021EAFD51B7DDD3D00D73BD7 /* CFNetwork.framework in Frameworks */ = {isa = PBXBuildFile; fileRef = 021EAFD41B7DDD3D00D73BD7 /* CFNetwork.framework */; };
		026DDA951B94782C00FCB935 /* LoadMoewVC.m in Sources */ = {isa = PBXBuildFile; fileRef = 026DDA941B94782C00FCB935 /* LoadMoewVC.m */; };
		0276CDCE1BF49F56007A7D87 /* DownloadImagesVC.m in Sources */ = {isa = PBXBuildFile; fileRef = 0276CDCD1BF49F56007A7D87 /* DownloadImagesVC.m */; };
		029029871B81F4FD0079AF30 /* GCDVC.m in Sources */ = {isa = PBXBuildFile; fileRef = 029029861B81F4FD0079AF30 /* GCDVC.m */; };
		0290298A1B81F6860079AF30 /* AsyncVC.m in Sources */ = {isa = PBXBuildFile; fileRef = 029029891B81F6860079AF30 /* AsyncVC.m */; };
		0290298D1B81FBAA0079AF30 /* GroupAsyncVC.m in Sources */ = {isa = PBXBuildFile; fileRef = 0290298C1B81FBAA0079AF30 /* GroupAsyncVC.m */; };
		029029901B8201580079AF30 /* BarrierAsyncVC.m in Sources */ = {isa = PBXBuildFile; fileRef = 0290298F1B8201580079AF30 /* BarrierAsyncVC.m */; };
		029029941B82E2B90079AF30 /* AnimationVC.m in Sources */ = {isa = PBXBuildFile; fileRef = 029029931B82E2B90079AF30 /* AnimationVC.m */; };
		029029971B82E4010079AF30 /* AnimationView.m in Sources */ = {isa = PBXBuildFile; fileRef = 029029961B82E4010079AF30 /* AnimationView.m */; };
		0290299A1B8344580079AF30 /* ScrollViewVC.m in Sources */ = {isa = PBXBuildFile; fileRef = 029029991B8344580079AF30 /* ScrollViewVC.m */; };
		0290299D1B8346950079AF30 /* PageScrollView.m in Sources */ = {isa = PBXBuildFile; fileRef = 0290299C1B8346950079AF30 /* PageScrollView.m */; };
		029029BC1B85EE9D0079AF30 /* SelectPictureVC.m in Sources */ = {isa = PBXBuildFile; fileRef = 029029BB1B85EE9D0079AF30 /* SelectPictureVC.m */; };
		02C212D61BF4AE5400079886 /* ImageUrl.plist in Resources */ = {isa = PBXBuildFile; fileRef = 02C212D51BF4AE5400079886 /* ImageUrl.plist */; };
		02CF0C441B873D4500415CEC /* CustomSelect.xib in Resources */ = {isa = PBXBuildFile; fileRef = 02CF0C431B873D4500415CEC /* CustomSelect.xib */; };
		02CF0C481B87430100415CEC /* CustomPickerView.m in Sources */ = {isa = PBXBuildFile; fileRef = 02CF0C471B87430100415CEC /* CustomPickerView.m */; };
		02EF345A1B7C79290099D4D9 /* main.m in Sources */ = {isa = PBXBuildFile; fileRef = 02EF34591B7C79290099D4D9 /* main.m */; };
		02EF345D1B7C79290099D4D9 /* AppDelegate.m in Sources */ = {isa = PBXBuildFile; fileRef = 02EF345C1B7C79290099D4D9 /* AppDelegate.m */; };
		02EF34631B7C79290099D4D9 /* Main.storyboard in Resources */ = {isa = PBXBuildFile; fileRef = 02EF34611B7C79290099D4D9 /* Main.storyboard */; };
		02EF34651B7C79290099D4D9 /* Images.xcassets in Resources */ = {isa = PBXBuildFile; fileRef = 02EF34641B7C79290099D4D9 /* Images.xcassets */; };
		02EF34681B7C79290099D4D9 /* LaunchScreen.xib in Resources */ = {isa = PBXBuildFile; fileRef = 02EF34661B7C79290099D4D9 /* LaunchScreen.xib */; };
		02EF347F1B7C7A690099D4D9 /* CallBackVC.m in Sources */ = {isa = PBXBuildFile; fileRef = 02EF347E1B7C7A690099D4D9 /* CallBackVC.m */; };
		02EF34821B7C7A7C0099D4D9 /* DelegateVC.m in Sources */ = {isa = PBXBuildFile; fileRef = 02EF34811B7C7A7C0099D4D9 /* DelegateVC.m */; };
		02EF34851B7C7AED0099D4D9 /* RootVC.m in Sources */ = {isa = PBXBuildFile; fileRef = 02EF34841B7C7AED0099D4D9 /* RootVC.m */; };
		02EF34881B7C81330099D4D9 /* UITableView+Helper.m in Sources */ = {isa = PBXBuildFile; fileRef = 02EF34871B7C81330099D4D9 /* UITableView+Helper.m */; };
		BF0A99E71CD2041300F68EE5 /* AnimationButtonVC.swift in Sources */ = {isa = PBXBuildFile; fileRef = BF0A99E61CD2041300F68EE5 /* AnimationButtonVC.swift */; };
		BF0A99EA1CD2078000F68EE5 /* DynamicButton.swift in Sources */ = {isa = PBXBuildFile; fileRef = BF0A99E91CD2078000F68EE5 /* DynamicButton.swift */; };
		BF197F571D410D3800297ECF /* AlipaySDK.bundle in Resources */ = {isa = PBXBuildFile; fileRef = BF197F551D410D3800297ECF /* AlipaySDK.bundle */; };
		BF197F581D410D3800297ECF /* AlipaySDK.framework in Frameworks */ = {isa = PBXBuildFile; fileRef = BF197F561D410D3800297ECF /* AlipaySDK.framework */; };
		BF197F5A1D410D8000297ECF /* libc++.tbd in Frameworks */ = {isa = PBXBuildFile; fileRef = BF197F591D410D8000297ECF /* libc++.tbd */; };
		BF197F5C1D410DA000297ECF /* libz.tbd in Frameworks */ = {isa = PBXBuildFile; fileRef = BF197F5B1D410DA000297ECF /* libz.tbd */; };
		BF197F5E1D410DBB00297ECF /* CoreTelephony.framework in Frameworks */ = {isa = PBXBuildFile; fileRef = BF197F5D1D410DBB00297ECF /* CoreTelephony.framework */; };
		BF197F601D410DCA00297ECF /* CoreText.framework in Frameworks */ = {isa = PBXBuildFile; fileRef = BF197F5F1D410DCA00297ECF /* CoreText.framework */; };
		BF197F621D410DD400297ECF /* CoreGraphics.framework in Frameworks */ = {isa = PBXBuildFile; fileRef = BF197F611D410DD400297ECF /* CoreGraphics.framework */; };
		BF197F641D410DDE00297ECF /* UIKit.framework in Frameworks */ = {isa = PBXBuildFile; fileRef = BF197F631D410DDE00297ECF /* UIKit.framework */; };
		BF197F661D410DE500297ECF /* Foundation.framework in Frameworks */ = {isa = PBXBuildFile; fileRef = BF197F651D410DE500297ECF /* Foundation.framework */; };
		BF197F681D410DF400297ECF /* CoreMotion.framework in Frameworks */ = {isa = PBXBuildFile; fileRef = BF197F671D410DF400297ECF /* CoreMotion.framework */; };
		BF2487131D275A2C0075A88D /* CanvasView.swift in Sources */ = {isa = PBXBuildFile; fileRef = BF2487121D275A2C0075A88D /* CanvasView.swift */; };
		BF2487151D2797B50075A88D /* CanvasModel.swift in Sources */ = {isa = PBXBuildFile; fileRef = BF2487141D2797B50075A88D /* CanvasModel.swift */; };
		BF24871A1D28EAD20075A88D /* CanvasSet.xib in Resources */ = {isa = PBXBuildFile; fileRef = BF2487191D28EAD20075A88D /* CanvasSet.xib */; };
		BF24871C1D28EBD50075A88D /* CanvasSetView.swift in Sources */ = {isa = PBXBuildFile; fileRef = BF24871B1D28EBD50075A88D /* CanvasSetView.swift */; };
		BF45AD051D0BDE07006F5051 /* Person.m in Sources */ = {isa = PBXBuildFile; fileRef = BF45AD041D0BDE07006F5051 /* Person.m */; };
		BF45AD081D0BDE31006F5051 /* KeyAndValueVC.m in Sources */ = {isa = PBXBuildFile; fileRef = BF45AD071D0BDE31006F5051 /* KeyAndValueVC.m */; };
		BF47D12E1D0D838D0041E989 /* CanvasVC.swift in Sources */ = {isa = PBXBuildFile; fileRef = BF47D12D1D0D838D0041E989 /* CanvasVC.swift */; };
		BF47D1301D0D83B10041E989 /* PaletteVC.swift in Sources */ = {isa = PBXBuildFile; fileRef = BF47D12F1D0D83B10041E989 /* PaletteVC.swift */; };
		BF47D1321D0D83C50041E989 /* ThumbnailVC.swift in Sources */ = {isa = PBXBuildFile; fileRef = BF47D1311D0D83C50041E989 /* ThumbnailVC.swift */; };
		BF8178F61D4301470086E962 /* H5Control.bundle in Resources */ = {isa = PBXBuildFile; fileRef = BF8178F51D4301470086E962 /* H5Control.bundle */; };
		BF8178F91D43015E0086E962 /* AlipayVC.m in Sources */ = {isa = PBXBuildFile; fileRef = BF8178F81D43015E0086E962 /* AlipayVC.m */; };
		BF8178FC1D4301740086E962 /* OtherVC.m in Sources */ = {isa = PBXBuildFile; fileRef = BF8178FB1D4301740086E962 /* OtherVC.m */; };
		BF8178FF1D43018E0086E962 /* UrlProtocolVC.m in Sources */ = {isa = PBXBuildFile; fileRef = BF8178FE1D43018E0086E962 /* UrlProtocolVC.m */; };
		BF8179041D43019B0086E962 /* HtmlLocalVC.m in Sources */ = {isa = PBXBuildFile; fileRef = BF8179011D43019B0086E962 /* HtmlLocalVC.m */; };
		BF8179051D43019B0086E962 /* HtmlRecognizeVC.m in Sources */ = {isa = PBXBuildFile; fileRef = BF8179031D43019B0086E962 /* HtmlRecognizeVC.m */; };
		BF8179091D4318310086E962 /* Other.storyboard in Resources */ = {isa = PBXBuildFile; fileRef = BF8179071D4318310086E962 /* Other.storyboard */; };
		BF81790D1D4326A00086E962 /* MasonryVC.m in Sources */ = {isa = PBXBuildFile; fileRef = BF81790C1D4326A00086E962 /* MasonryVC.m */; };
		BF96AE601D2CE4A7008CA0AA /* GraphicVC.swift in Sources */ = {isa = PBXBuildFile; fileRef = BF96AE5F1D2CE4A7008CA0AA /* GraphicVC.swift */; };
		BF96AE621D2CE60E008CA0AA /* BezierPathVC.swift in Sources */ = {isa = PBXBuildFile; fileRef = BF96AE611D2CE60E008CA0AA /* BezierPathVC.swift */; };
		BF96AE641D2CEA97008CA0AA /* BezierPathView.swift in Sources */ = {isa = PBXBuildFile; fileRef = BF96AE631D2CEA97008CA0AA /* BezierPathView.swift */; };
		BF96AE661D2DF0C4008CA0AA /* GraphicView.swift in Sources */ = {isa = PBXBuildFile; fileRef = BF96AE651D2DF0C4008CA0AA /* GraphicView.swift */; };
		BF96F2641D422528000FF3D0 /* jay1.jpg in Resources */ = {isa = PBXBuildFile; fileRef = BF96F25F1D422528000FF3D0 /* jay1.jpg */; };
		BF96F2651D422528000FF3D0 /* jay2.jpg in Resources */ = {isa = PBXBuildFile; fileRef = BF96F2601D422528000FF3D0 /* jay2.jpg */; };
		BF96F2661D422528000FF3D0 /* jay3.jpg in Resources */ = {isa = PBXBuildFile; fileRef = BF96F2611D422528000FF3D0 /* jay3.jpg */; };
		BF96F2671D422528000FF3D0 /* jay4.jpg in Resources */ = {isa = PBXBuildFile; fileRef = BF96F2621D422528000FF3D0 /* jay4.jpg */; };
		BF97CAB61D44870500C5CFD2 /* QRCodeVC.m in Sources */ = {isa = PBXBuildFile; fileRef = BF97CAB51D44870500C5CFD2 /* QRCodeVC.m */; };
		BF97CAB91D4488C800C5CFD2 /* ScanBackgroundView.m in Sources */ = {isa = PBXBuildFile; fileRef = BF97CAB81D4488C800C5CFD2 /* ScanBackgroundView.m */; };
		BF97CABC1D448A8300C5CFD2 /* ScanView.m in Sources */ = {isa = PBXBuildFile; fileRef = BF97CABB1D448A8300C5CFD2 /* ScanView.m */; };
		BF97CACE1D45B22E00C5CFD2 /* PayRNVC.m in Sources */ = {isa = PBXBuildFile; fileRef = BF97CACD1D45B22E00C5CFD2 /* PayRNVC.m */; };
		BFA849D61D13D63A000BF5CA /* DrawVC.m in Sources */ = {isa = PBXBuildFile; fileRef = BFA849D51D13D63A000BF5CA /* DrawVC.m */; };
		BFA849D91D13D7A8000BF5CA /* ProcessCircleView.m in Sources */ = {isa = PBXBuildFile; fileRef = BFA849D81D13D7A8000BF5CA /* ProcessCircleView.m */; };
		BFB73A7F1CD3556A0049035E /* CircleLayer.swift in Sources */ = {isa = PBXBuildFile; fileRef = BFB73A7E1CD3556A0049035E /* CircleLayer.swift */; };
		BFD0CFA71D45B9D400615F18 /* AVFoundation.framework in Frameworks */ = {isa = PBXBuildFile; fileRef = BFD0CFA61D45B9D400615F18 /* AVFoundation.framework */; };
		BFEE05721D13F86A00D574BC /* DrawView.swift in Sources */ = {isa = PBXBuildFile; fileRef = BFEE05711D13F86A00D574BC /* DrawView.swift */; };
		BFEE05861D1A22FA00D574BC /* StrategyVC.swift in Sources */ = {isa = PBXBuildFile; fileRef = BFEE05851D1A22FA00D574BC /* StrategyVC.swift */; };
		C3558194FB1F07B28789C800 /* Pods_DemoCollection.framework in Frameworks */ = {isa = PBXBuildFile; fileRef = 932184C97FE560B60172734D /* Pods_DemoCollection.framework */; };
		EA7987511B8A241A00E84103 /* GestureVC.m in Sources */ = {isa = PBXBuildFile; fileRef = EA7987501B8A241A00E84103 /* GestureVC.m */; };
/* End PBXBuildFile section */

/* Begin PBXContainerItemProxy section */
		02EF346E1B7C792A0099D4D9 /* PBXContainerItemProxy */ = {
			isa = PBXContainerItemProxy;
			containerPortal = 02EF344C1B7C79290099D4D9 /* Project object */;
			proxyType = 1;
			remoteGlobalIDString = 02EF34531B7C79290099D4D9;
			remoteInfo = DemoCollection;
		};
/* End PBXContainerItemProxy section */

/* Begin PBXFileReference section */
		0217E9AF1B7C979300ADCAF8 /* BlockVC.h */ = {isa = PBXFileReference; fileEncoding = 4; lastKnownFileType = sourcecode.c.h; path = BlockVC.h; sourceTree = "<group>"; };
		0217E9B01B7C979300ADCAF8 /* BlockVC.m */ = {isa = PBXFileReference; fileEncoding = 4; lastKnownFileType = sourcecode.c.objc; path = BlockVC.m; sourceTree = "<group>"; };
		021EAF671B7D967700D73BD7 /* UIView+Helper.h */ = {isa = PBXFileReference; fileEncoding = 4; lastKnownFileType = sourcecode.c.h; path = "UIView+Helper.h"; sourceTree = "<group>"; };
		021EAF681B7D967700D73BD7 /* UIView+Helper.m */ = {isa = PBXFileReference; fileEncoding = 4; lastKnownFileType = sourcecode.c.objc; path = "UIView+Helper.m"; sourceTree = "<group>"; };
		021EAF6A1B7D9A7C00D73BD7 /* QuartzCore.framework */ = {isa = PBXFileReference; lastKnownFileType = wrapper.framework; name = QuartzCore.framework; path = System/Library/Frameworks/QuartzCore.framework; sourceTree = SDKROOT; };
		021EAF6C1B7DBEE800D73BD7 /* TableViewVC.h */ = {isa = PBXFileReference; fileEncoding = 4; lastKnownFileType = sourcecode.c.h; path = TableViewVC.h; sourceTree = "<group>"; };
		021EAF6D1B7DBEE800D73BD7 /* TableViewVC.m */ = {isa = PBXFileReference; fileEncoding = 4; lastKnownFileType = sourcecode.c.objc; path = TableViewVC.m; sourceTree = "<group>"; };
		021EAF701B7DC19C00D73BD7 /* CustomButton.h */ = {isa = PBXFileReference; fileEncoding = 4; lastKnownFileType = sourcecode.c.h; path = CustomButton.h; sourceTree = "<group>"; };
		021EAF711B7DC19C00D73BD7 /* CustomButton.m */ = {isa = PBXFileReference; fileEncoding = 4; lastKnownFileType = sourcecode.c.objc; path = CustomButton.m; sourceTree = "<group>"; };
		021EAF741B7DCF1200D73BD7 /* CustomCellVC.h */ = {isa = PBXFileReference; fileEncoding = 4; lastKnownFileType = sourcecode.c.h; path = CustomCellVC.h; sourceTree = "<group>"; };
		021EAF751B7DCF1200D73BD7 /* CustomCellVC.m */ = {isa = PBXFileReference; fileEncoding = 4; lastKnownFileType = sourcecode.c.objc; path = CustomCellVC.m; sourceTree = "<group>"; };
		021EAF771B7DD11C00D73BD7 /* CustomTableViewCell.h */ = {isa = PBXFileReference; fileEncoding = 4; lastKnownFileType = sourcecode.c.h; path = CustomTableViewCell.h; sourceTree = "<group>"; };
		021EAF781B7DD11C00D73BD7 /* CustomTableViewCell.m */ = {isa = PBXFileReference; fileEncoding = 4; lastKnownFileType = sourcecode.c.objc; path = CustomTableViewCell.m; sourceTree = "<group>"; };
		021EAFD01B7DDD2900D73BD7 /* Security.framework */ = {isa = PBXFileReference; lastKnownFileType = wrapper.framework; name = Security.framework; path = System/Library/Frameworks/Security.framework; sourceTree = SDKROOT; };
		021EAFD21B7DDD3500D73BD7 /* SystemConfiguration.framework */ = {isa = PBXFileReference; lastKnownFileType = wrapper.framework; name = SystemConfiguration.framework; path = System/Library/Frameworks/SystemConfiguration.framework; sourceTree = SDKROOT; };
		021EAFD41B7DDD3D00D73BD7 /* CFNetwork.framework */ = {isa = PBXFileReference; lastKnownFileType = wrapper.framework; name = CFNetwork.framework; path = System/Library/Frameworks/CFNetwork.framework; sourceTree = SDKROOT; };
		026DDA931B94782C00FCB935 /* LoadMoewVC.h */ = {isa = PBXFileReference; fileEncoding = 4; lastKnownFileType = sourcecode.c.h; path = LoadMoewVC.h; sourceTree = "<group>"; };
		026DDA941B94782C00FCB935 /* LoadMoewVC.m */ = {isa = PBXFileReference; fileEncoding = 4; lastKnownFileType = sourcecode.c.objc; path = LoadMoewVC.m; sourceTree = "<group>"; };
		0276CDCC1BF49F56007A7D87 /* DownloadImagesVC.h */ = {isa = PBXFileReference; fileEncoding = 4; lastKnownFileType = sourcecode.c.h; path = DownloadImagesVC.h; sourceTree = "<group>"; };
		0276CDCD1BF49F56007A7D87 /* DownloadImagesVC.m */ = {isa = PBXFileReference; fileEncoding = 4; lastKnownFileType = sourcecode.c.objc; path = DownloadImagesVC.m; sourceTree = "<group>"; };
		029029851B81F4FD0079AF30 /* GCDVC.h */ = {isa = PBXFileReference; fileEncoding = 4; lastKnownFileType = sourcecode.c.h; path = GCDVC.h; sourceTree = "<group>"; };
		029029861B81F4FD0079AF30 /* GCDVC.m */ = {isa = PBXFileReference; fileEncoding = 4; lastKnownFileType = sourcecode.c.objc; path = GCDVC.m; sourceTree = "<group>"; };
		029029881B81F6860079AF30 /* AsyncVC.h */ = {isa = PBXFileReference; fileEncoding = 4; lastKnownFileType = sourcecode.c.h; path = AsyncVC.h; sourceTree = "<group>"; };
		029029891B81F6860079AF30 /* AsyncVC.m */ = {isa = PBXFileReference; fileEncoding = 4; lastKnownFileType = sourcecode.c.objc; path = AsyncVC.m; sourceTree = "<group>"; };
		0290298B1B81FBAA0079AF30 /* GroupAsyncVC.h */ = {isa = PBXFileReference; fileEncoding = 4; lastKnownFileType = sourcecode.c.h; path = GroupAsyncVC.h; sourceTree = "<group>"; };
		0290298C1B81FBAA0079AF30 /* GroupAsyncVC.m */ = {isa = PBXFileReference; fileEncoding = 4; lastKnownFileType = sourcecode.c.objc; path = GroupAsyncVC.m; sourceTree = "<group>"; };
		0290298E1B8201580079AF30 /* BarrierAsyncVC.h */ = {isa = PBXFileReference; fileEncoding = 4; lastKnownFileType = sourcecode.c.h; path = BarrierAsyncVC.h; sourceTree = "<group>"; };
		0290298F1B8201580079AF30 /* BarrierAsyncVC.m */ = {isa = PBXFileReference; fileEncoding = 4; lastKnownFileType = sourcecode.c.objc; path = BarrierAsyncVC.m; sourceTree = "<group>"; };
		029029921B82E2B90079AF30 /* AnimationVC.h */ = {isa = PBXFileReference; fileEncoding = 4; lastKnownFileType = sourcecode.c.h; path = AnimationVC.h; sourceTree = "<group>"; };
		029029931B82E2B90079AF30 /* AnimationVC.m */ = {isa = PBXFileReference; fileEncoding = 4; lastKnownFileType = sourcecode.c.objc; path = AnimationVC.m; sourceTree = "<group>"; };
		029029951B82E4010079AF30 /* AnimationView.h */ = {isa = PBXFileReference; fileEncoding = 4; lastKnownFileType = sourcecode.c.h; path = AnimationView.h; sourceTree = "<group>"; };
		029029961B82E4010079AF30 /* AnimationView.m */ = {isa = PBXFileReference; fileEncoding = 4; lastKnownFileType = sourcecode.c.objc; path = AnimationView.m; sourceTree = "<group>"; };
		029029981B8344580079AF30 /* ScrollViewVC.h */ = {isa = PBXFileReference; fileEncoding = 4; lastKnownFileType = sourcecode.c.h; path = ScrollViewVC.h; sourceTree = "<group>"; };
		029029991B8344580079AF30 /* ScrollViewVC.m */ = {isa = PBXFileReference; fileEncoding = 4; lastKnownFileType = sourcecode.c.objc; path = ScrollViewVC.m; sourceTree = "<group>"; };
		0290299B1B8346950079AF30 /* PageScrollView.h */ = {isa = PBXFileReference; fileEncoding = 4; lastKnownFileType = sourcecode.c.h; path = PageScrollView.h; sourceTree = "<group>"; };
		0290299C1B8346950079AF30 /* PageScrollView.m */ = {isa = PBXFileReference; fileEncoding = 4; lastKnownFileType = sourcecode.c.objc; path = PageScrollView.m; sourceTree = "<group>"; };
		029029BA1B85EE9D0079AF30 /* SelectPictureVC.h */ = {isa = PBXFileReference; fileEncoding = 4; lastKnownFileType = sourcecode.c.h; path = SelectPictureVC.h; sourceTree = "<group>"; };
		029029BB1B85EE9D0079AF30 /* SelectPictureVC.m */ = {isa = PBXFileReference; fileEncoding = 4; lastKnownFileType = sourcecode.c.objc; path = SelectPictureVC.m; sourceTree = "<group>"; };
		02C212D51BF4AE5400079886 /* ImageUrl.plist */ = {isa = PBXFileReference; fileEncoding = 4; lastKnownFileType = text.plist.xml; path = ImageUrl.plist; sourceTree = "<group>"; };
		02CF0C431B873D4500415CEC /* CustomSelect.xib */ = {isa = PBXFileReference; fileEncoding = 4; lastKnownFileType = file.xib; path = CustomSelect.xib; sourceTree = "<group>"; };
		02CF0C461B87430100415CEC /* CustomPickerView.h */ = {isa = PBXFileReference; fileEncoding = 4; lastKnownFileType = sourcecode.c.h; path = CustomPickerView.h; sourceTree = "<group>"; };
		02CF0C471B87430100415CEC /* CustomPickerView.m */ = {isa = PBXFileReference; fileEncoding = 4; lastKnownFileType = sourcecode.c.objc; path = CustomPickerView.m; sourceTree = "<group>"; };
		02EF34541B7C79290099D4D9 /* DemoCollection.app */ = {isa = PBXFileReference; explicitFileType = wrapper.application; includeInIndex = 0; path = DemoCollection.app; sourceTree = BUILT_PRODUCTS_DIR; };
		02EF34581B7C79290099D4D9 /* Info.plist */ = {isa = PBXFileReference; lastKnownFileType = text.plist.xml; path = Info.plist; sourceTree = "<group>"; };
		02EF34591B7C79290099D4D9 /* main.m */ = {isa = PBXFileReference; lastKnownFileType = sourcecode.c.objc; path = main.m; sourceTree = "<group>"; };
		02EF345B1B7C79290099D4D9 /* AppDelegate.h */ = {isa = PBXFileReference; lastKnownFileType = sourcecode.c.h; path = AppDelegate.h; sourceTree = "<group>"; };
		02EF345C1B7C79290099D4D9 /* AppDelegate.m */ = {isa = PBXFileReference; lastKnownFileType = sourcecode.c.objc; path = AppDelegate.m; sourceTree = "<group>"; };
		02EF34621B7C79290099D4D9 /* Base */ = {isa = PBXFileReference; lastKnownFileType = file.storyboard; name = Base; path = Base.lproj/Main.storyboard; sourceTree = "<group>"; };
		02EF34641B7C79290099D4D9 /* Images.xcassets */ = {isa = PBXFileReference; lastKnownFileType = folder.assetcatalog; path = Images.xcassets; sourceTree = "<group>"; };
		02EF34671B7C79290099D4D9 /* Base */ = {isa = PBXFileReference; lastKnownFileType = file.xib; name = Base; path = Base.lproj/LaunchScreen.xib; sourceTree = "<group>"; };
		02EF346D1B7C792A0099D4D9 /* DemoCollectionTests.xctest */ = {isa = PBXFileReference; explicitFileType = wrapper.cfbundle; includeInIndex = 0; path = DemoCollectionTests.xctest; sourceTree = BUILT_PRODUCTS_DIR; };
		02EF347D1B7C7A690099D4D9 /* CallBackVC.h */ = {isa = PBXFileReference; fileEncoding = 4; lastKnownFileType = sourcecode.c.h; path = CallBackVC.h; sourceTree = "<group>"; };
		02EF347E1B7C7A690099D4D9 /* CallBackVC.m */ = {isa = PBXFileReference; fileEncoding = 4; lastKnownFileType = sourcecode.c.objc; path = CallBackVC.m; sourceTree = "<group>"; };
		02EF34801B7C7A7C0099D4D9 /* DelegateVC.h */ = {isa = PBXFileReference; fileEncoding = 4; lastKnownFileType = sourcecode.c.h; path = DelegateVC.h; sourceTree = "<group>"; };
		02EF34811B7C7A7C0099D4D9 /* DelegateVC.m */ = {isa = PBXFileReference; fileEncoding = 4; lastKnownFileType = sourcecode.c.objc; path = DelegateVC.m; sourceTree = "<group>"; };
		02EF34831B7C7AED0099D4D9 /* RootVC.h */ = {isa = PBXFileReference; fileEncoding = 4; lastKnownFileType = sourcecode.c.h; path = RootVC.h; sourceTree = "<group>"; };
		02EF34841B7C7AED0099D4D9 /* RootVC.m */ = {isa = PBXFileReference; fileEncoding = 4; lastKnownFileType = sourcecode.c.objc; path = RootVC.m; sourceTree = "<group>"; };
		02EF34861B7C81330099D4D9 /* UITableView+Helper.h */ = {isa = PBXFileReference; fileEncoding = 4; lastKnownFileType = sourcecode.c.h; path = "UITableView+Helper.h"; sourceTree = "<group>"; };
		02EF34871B7C81330099D4D9 /* UITableView+Helper.m */ = {isa = PBXFileReference; fileEncoding = 4; lastKnownFileType = sourcecode.c.objc; path = "UITableView+Helper.m"; sourceTree = "<group>"; };
		4190366A33985D3019EBE923 /* Pods.framework */ = {isa = PBXFileReference; explicitFileType = wrapper.framework; includeInIndex = 0; path = Pods.framework; sourceTree = BUILT_PRODUCTS_DIR; };
		77BC2493EC6E60D0FD5E0FE8 /* Pods-DemoCollection.debug.xcconfig */ = {isa = PBXFileReference; includeInIndex = 1; lastKnownFileType = text.xcconfig; name = "Pods-DemoCollection.debug.xcconfig"; path = "Pods/Target Support Files/Pods-DemoCollection/Pods-DemoCollection.debug.xcconfig"; sourceTree = "<group>"; };
		932184C97FE560B60172734D /* Pods_DemoCollection.framework */ = {isa = PBXFileReference; explicitFileType = wrapper.framework; includeInIndex = 0; path = Pods_DemoCollection.framework; sourceTree = BUILT_PRODUCTS_DIR; };
		BDC2E71CF74CB4D54A3A1893 /* Pods-DemoCollection.release.xcconfig */ = {isa = PBXFileReference; includeInIndex = 1; lastKnownFileType = text.xcconfig; name = "Pods-DemoCollection.release.xcconfig"; path = "Pods/Target Support Files/Pods-DemoCollection/Pods-DemoCollection.release.xcconfig"; sourceTree = "<group>"; };
		BF0A99E31CD203A000F68EE5 /* DemoCollection-Bridging-Header.h */ = {isa = PBXFileReference; lastKnownFileType = sourcecode.c.h; path = "DemoCollection-Bridging-Header.h"; sourceTree = "<group>"; };
		BF0A99E61CD2041300F68EE5 /* AnimationButtonVC.swift */ = {isa = PBXFileReference; fileEncoding = 4; lastKnownFileType = sourcecode.swift; path = AnimationButtonVC.swift; sourceTree = "<group>"; };
		BF0A99E91CD2078000F68EE5 /* DynamicButton.swift */ = {isa = PBXFileReference; fileEncoding = 4; lastKnownFileType = sourcecode.swift; path = DynamicButton.swift; sourceTree = "<group>"; };
		BF197F551D410D3800297ECF /* AlipaySDK.bundle */ = {isa = PBXFileReference; lastKnownFileType = "wrapper.plug-in"; path = AlipaySDK.bundle; sourceTree = "<group>"; };
		BF197F561D410D3800297ECF /* AlipaySDK.framework */ = {isa = PBXFileReference; lastKnownFileType = wrapper.framework; path = AlipaySDK.framework; sourceTree = "<group>"; };
		BF197F591D410D8000297ECF /* libc++.tbd */ = {isa = PBXFileReference; lastKnownFileType = "sourcecode.text-based-dylib-definition"; name = "libc++.tbd"; path = "usr/lib/libc++.tbd"; sourceTree = SDKROOT; };
		BF197F5B1D410DA000297ECF /* libz.tbd */ = {isa = PBXFileReference; lastKnownFileType = "sourcecode.text-based-dylib-definition"; name = libz.tbd; path = usr/lib/libz.tbd; sourceTree = SDKROOT; };
		BF197F5D1D410DBB00297ECF /* CoreTelephony.framework */ = {isa = PBXFileReference; lastKnownFileType = wrapper.framework; name = CoreTelephony.framework; path = System/Library/Frameworks/CoreTelephony.framework; sourceTree = SDKROOT; };
		BF197F5F1D410DCA00297ECF /* CoreText.framework */ = {isa = PBXFileReference; lastKnownFileType = wrapper.framework; name = CoreText.framework; path = System/Library/Frameworks/CoreText.framework; sourceTree = SDKROOT; };
		BF197F611D410DD400297ECF /* CoreGraphics.framework */ = {isa = PBXFileReference; lastKnownFileType = wrapper.framework; name = CoreGraphics.framework; path = System/Library/Frameworks/CoreGraphics.framework; sourceTree = SDKROOT; };
		BF197F631D410DDE00297ECF /* UIKit.framework */ = {isa = PBXFileReference; lastKnownFileType = wrapper.framework; name = UIKit.framework; path = System/Library/Frameworks/UIKit.framework; sourceTree = SDKROOT; };
		BF197F651D410DE500297ECF /* Foundation.framework */ = {isa = PBXFileReference; lastKnownFileType = wrapper.framework; name = Foundation.framework; path = System/Library/Frameworks/Foundation.framework; sourceTree = SDKROOT; };
		BF197F671D410DF400297ECF /* CoreMotion.framework */ = {isa = PBXFileReference; lastKnownFileType = wrapper.framework; name = CoreMotion.framework; path = System/Library/Frameworks/CoreMotion.framework; sourceTree = SDKROOT; };
		BF2487121D275A2C0075A88D /* CanvasView.swift */ = {isa = PBXFileReference; fileEncoding = 4; lastKnownFileType = sourcecode.swift; path = CanvasView.swift; sourceTree = "<group>"; };
		BF2487141D2797B50075A88D /* CanvasModel.swift */ = {isa = PBXFileReference; fileEncoding = 4; lastKnownFileType = sourcecode.swift; path = CanvasModel.swift; sourceTree = "<group>"; };
		BF2487191D28EAD20075A88D /* CanvasSet.xib */ = {isa = PBXFileReference; fileEncoding = 4; lastKnownFileType = file.xib; path = CanvasSet.xib; sourceTree = "<group>"; };
		BF24871B1D28EBD50075A88D /* CanvasSetView.swift */ = {isa = PBXFileReference; fileEncoding = 4; lastKnownFileType = sourcecode.swift; path = CanvasSetView.swift; sourceTree = "<group>"; };
		BF45AD031D0BDE07006F5051 /* Person.h */ = {isa = PBXFileReference; fileEncoding = 4; lastKnownFileType = sourcecode.c.h; path = Person.h; sourceTree = "<group>"; };
		BF45AD041D0BDE07006F5051 /* Person.m */ = {isa = PBXFileReference; fileEncoding = 4; lastKnownFileType = sourcecode.c.objc; path = Person.m; sourceTree = "<group>"; };
		BF45AD061D0BDE31006F5051 /* KeyAndValueVC.h */ = {isa = PBXFileReference; fileEncoding = 4; lastKnownFileType = sourcecode.c.h; path = KeyAndValueVC.h; sourceTree = "<group>"; };
		BF45AD071D0BDE31006F5051 /* KeyAndValueVC.m */ = {isa = PBXFileReference; fileEncoding = 4; lastKnownFileType = sourcecode.c.objc; path = KeyAndValueVC.m; sourceTree = "<group>"; };
		BF47D12D1D0D838D0041E989 /* CanvasVC.swift */ = {isa = PBXFileReference; fileEncoding = 4; lastKnownFileType = sourcecode.swift; path = CanvasVC.swift; sourceTree = "<group>"; };
		BF47D12F1D0D83B10041E989 /* PaletteVC.swift */ = {isa = PBXFileReference; fileEncoding = 4; lastKnownFileType = sourcecode.swift; path = PaletteVC.swift; sourceTree = "<group>"; };
		BF47D1311D0D83C50041E989 /* ThumbnailVC.swift */ = {isa = PBXFileReference; fileEncoding = 4; lastKnownFileType = sourcecode.swift; path = ThumbnailVC.swift; sourceTree = "<group>"; };
		BF8178F51D4301470086E962 /* H5Control.bundle */ = {isa = PBXFileReference; lastKnownFileType = "wrapper.plug-in"; path = H5Control.bundle; sourceTree = "<group>"; };
		BF8178F71D43015E0086E962 /* AlipayVC.h */ = {isa = PBXFileReference; fileEncoding = 4; lastKnownFileType = sourcecode.c.h; name = AlipayVC.h; path = DemoCollection/AlipayVC.h; sourceTree = "<group>"; };
		BF8178F81D43015E0086E962 /* AlipayVC.m */ = {isa = PBXFileReference; fileEncoding = 4; lastKnownFileType = sourcecode.c.objc; name = AlipayVC.m; path = DemoCollection/AlipayVC.m; sourceTree = "<group>"; };
		BF8178FA1D4301740086E962 /* OtherVC.h */ = {isa = PBXFileReference; fileEncoding = 4; lastKnownFileType = sourcecode.c.h; name = OtherVC.h; path = DemoCollection/OtherVC.h; sourceTree = "<group>"; };
		BF8178FB1D4301740086E962 /* OtherVC.m */ = {isa = PBXFileReference; fileEncoding = 4; lastKnownFileType = sourcecode.c.objc; name = OtherVC.m; path = DemoCollection/OtherVC.m; sourceTree = "<group>"; };
		BF8178FD1D43018E0086E962 /* UrlProtocolVC.h */ = {isa = PBXFileReference; fileEncoding = 4; lastKnownFileType = sourcecode.c.h; name = UrlProtocolVC.h; path = DemoCollection/UrlProtocolVC.h; sourceTree = "<group>"; };
		BF8178FE1D43018E0086E962 /* UrlProtocolVC.m */ = {isa = PBXFileReference; fileEncoding = 4; lastKnownFileType = sourcecode.c.objc; name = UrlProtocolVC.m; path = DemoCollection/UrlProtocolVC.m; sourceTree = "<group>"; };
		BF8179001D43019B0086E962 /* HtmlLocalVC.h */ = {isa = PBXFileReference; fileEncoding = 4; lastKnownFileType = sourcecode.c.h; name = HtmlLocalVC.h; path = DemoCollection/HtmlLocalVC.h; sourceTree = "<group>"; };
		BF8179011D43019B0086E962 /* HtmlLocalVC.m */ = {isa = PBXFileReference; fileEncoding = 4; lastKnownFileType = sourcecode.c.objc; name = HtmlLocalVC.m; path = DemoCollection/HtmlLocalVC.m; sourceTree = "<group>"; };
		BF8179021D43019B0086E962 /* HtmlRecognizeVC.h */ = {isa = PBXFileReference; fileEncoding = 4; lastKnownFileType = sourcecode.c.h; name = HtmlRecognizeVC.h; path = DemoCollection/HtmlRecognizeVC.h; sourceTree = "<group>"; };
		BF8179031D43019B0086E962 /* HtmlRecognizeVC.m */ = {isa = PBXFileReference; fileEncoding = 4; lastKnownFileType = sourcecode.c.objc; name = HtmlRecognizeVC.m; path = DemoCollection/HtmlRecognizeVC.m; sourceTree = "<group>"; };
		BF8179081D4318310086E962 /* Base */ = {isa = PBXFileReference; lastKnownFileType = file.storyboard; name = Base; path = Base.lproj/Other.storyboard; sourceTree = "<group>"; };
		BF81790B1D4326A00086E962 /* MasonryVC.h */ = {isa = PBXFileReference; fileEncoding = 4; lastKnownFileType = sourcecode.c.h; name = MasonryVC.h; path = DemoCollection/MasonryVC.h; sourceTree = "<group>"; };
		BF81790C1D4326A00086E962 /* MasonryVC.m */ = {isa = PBXFileReference; fileEncoding = 4; lastKnownFileType = sourcecode.c.objc; name = MasonryVC.m; path = DemoCollection/MasonryVC.m; sourceTree = "<group>"; };
		BF96AE5F1D2CE4A7008CA0AA /* GraphicVC.swift */ = {isa = PBXFileReference; fileEncoding = 4; lastKnownFileType = sourcecode.swift; path = GraphicVC.swift; sourceTree = "<group>"; };
		BF96AE611D2CE60E008CA0AA /* BezierPathVC.swift */ = {isa = PBXFileReference; fileEncoding = 4; lastKnownFileType = sourcecode.swift; path = BezierPathVC.swift; sourceTree = "<group>"; };
		BF96AE631D2CEA97008CA0AA /* BezierPathView.swift */ = {isa = PBXFileReference; fileEncoding = 4; lastKnownFileType = sourcecode.swift; path = BezierPathView.swift; sourceTree = "<group>"; };
		BF96AE651D2DF0C4008CA0AA /* GraphicView.swift */ = {isa = PBXFileReference; fileEncoding = 4; lastKnownFileType = sourcecode.swift; path = GraphicView.swift; sourceTree = "<group>"; };
		BF96F25F1D422528000FF3D0 /* jay1.jpg */ = {isa = PBXFileReference; lastKnownFileType = image.jpeg; path = jay1.jpg; sourceTree = "<group>"; };
		BF96F2601D422528000FF3D0 /* jay2.jpg */ = {isa = PBXFileReference; lastKnownFileType = image.jpeg; path = jay2.jpg; sourceTree = "<group>"; };
		BF96F2611D422528000FF3D0 /* jay3.jpg */ = {isa = PBXFileReference; lastKnownFileType = image.jpeg; path = jay3.jpg; sourceTree = "<group>"; };
		BF96F2621D422528000FF3D0 /* jay4.jpg */ = {isa = PBXFileReference; lastKnownFileType = image.jpeg; path = jay4.jpg; sourceTree = "<group>"; };
		BF97CAB41D44870500C5CFD2 /* QRCodeVC.h */ = {isa = PBXFileReference; fileEncoding = 4; lastKnownFileType = sourcecode.c.h; path = QRCodeVC.h; sourceTree = "<group>"; };
		BF97CAB51D44870500C5CFD2 /* QRCodeVC.m */ = {isa = PBXFileReference; fileEncoding = 4; lastKnownFileType = sourcecode.c.objc; path = QRCodeVC.m; sourceTree = "<group>"; };
		BF97CAB71D4488C800C5CFD2 /* ScanBackgroundView.h */ = {isa = PBXFileReference; fileEncoding = 4; lastKnownFileType = sourcecode.c.h; path = ScanBackgroundView.h; sourceTree = "<group>"; };
		BF97CAB81D4488C800C5CFD2 /* ScanBackgroundView.m */ = {isa = PBXFileReference; fileEncoding = 4; lastKnownFileType = sourcecode.c.objc; path = ScanBackgroundView.m; sourceTree = "<group>"; };
		BF97CABA1D448A8300C5CFD2 /* ScanView.h */ = {isa = PBXFileReference; fileEncoding = 4; lastKnownFileType = sourcecode.c.h; path = ScanView.h; sourceTree = "<group>"; };
		BF97CABB1D448A8300C5CFD2 /* ScanView.m */ = {isa = PBXFileReference; fileEncoding = 4; lastKnownFileType = sourcecode.c.objc; path = ScanView.m; sourceTree = "<group>"; };
		BF97CACC1D45B22E00C5CFD2 /* PayRNVC.h */ = {isa = PBXFileReference; fileEncoding = 4; lastKnownFileType = sourcecode.c.h; path = PayRNVC.h; sourceTree = "<group>"; };
		BF97CACD1D45B22E00C5CFD2 /* PayRNVC.m */ = {isa = PBXFileReference; fileEncoding = 4; lastKnownFileType = sourcecode.c.objc; path = PayRNVC.m; sourceTree = "<group>"; };
		BFA849D41D13D63A000BF5CA /* DrawVC.h */ = {isa = PBXFileReference; fileEncoding = 4; lastKnownFileType = sourcecode.c.h; path = DrawVC.h; sourceTree = "<group>"; };
		BFA849D51D13D63A000BF5CA /* DrawVC.m */ = {isa = PBXFileReference; fileEncoding = 4; lastKnownFileType = sourcecode.c.objc; path = DrawVC.m; sourceTree = "<group>"; };
		BFA849D71D13D7A8000BF5CA /* ProcessCircleView.h */ = {isa = PBXFileReference; fileEncoding = 4; lastKnownFileType = sourcecode.c.h; path = ProcessCircleView.h; sourceTree = "<group>"; };
		BFA849D81D13D7A8000BF5CA /* ProcessCircleView.m */ = {isa = PBXFileReference; fileEncoding = 4; lastKnownFileType = sourcecode.c.objc; path = ProcessCircleView.m; sourceTree = "<group>"; };
		BFB73A7E1CD3556A0049035E /* CircleLayer.swift */ = {isa = PBXFileReference; fileEncoding = 4; lastKnownFileType = sourcecode.swift; path = CircleLayer.swift; sourceTree = "<group>"; };
		BFD0CFA61D45B9D400615F18 /* AVFoundation.framework */ = {isa = PBXFileReference; lastKnownFileType = wrapper.framework; name = AVFoundation.framework; path = System/Library/Frameworks/AVFoundation.framework; sourceTree = SDKROOT; };
		BFEE05711D13F86A00D574BC /* DrawView.swift */ = {isa = PBXFileReference; fileEncoding = 4; lastKnownFileType = sourcecode.swift; path = DrawView.swift; sourceTree = "<group>"; };
		BFEE05851D1A22FA00D574BC /* StrategyVC.swift */ = {isa = PBXFileReference; fileEncoding = 4; lastKnownFileType = sourcecode.swift; path = StrategyVC.swift; sourceTree = "<group>"; };
		EA79874F1B8A241A00E84103 /* GestureVC.h */ = {isa = PBXFileReference; fileEncoding = 4; lastKnownFileType = sourcecode.c.h; path = GestureVC.h; sourceTree = "<group>"; };
		EA7987501B8A241A00E84103 /* GestureVC.m */ = {isa = PBXFileReference; fileEncoding = 4; lastKnownFileType = sourcecode.c.objc; path = GestureVC.m; sourceTree = "<group>"; };
/* End PBXFileReference section */

/* Begin PBXFrameworksBuildPhase section */
		02EF34511B7C79290099D4D9 /* Frameworks */ = {
			isa = PBXFrameworksBuildPhase;
			buildActionMask = 2147483647;
			files = (
				BFD0CFA71D45B9D400615F18 /* AVFoundation.framework in Frameworks */,
				BF197F681D410DF400297ECF /* CoreMotion.framework in Frameworks */,
				BF197F661D410DE500297ECF /* Foundation.framework in Frameworks */,
				BF197F641D410DDE00297ECF /* UIKit.framework in Frameworks */,
				BF197F621D410DD400297ECF /* CoreGraphics.framework in Frameworks */,
				BF197F601D410DCA00297ECF /* CoreText.framework in Frameworks */,
				BF197F5E1D410DBB00297ECF /* CoreTelephony.framework in Frameworks */,
				BF197F5C1D410DA000297ECF /* libz.tbd in Frameworks */,
				BF197F5A1D410D8000297ECF /* libc++.tbd in Frameworks */,
				021EAFD31B7DDD3500D73BD7 /* SystemConfiguration.framework in Frameworks */,
				021EAFD51B7DDD3D00D73BD7 /* CFNetwork.framework in Frameworks */,
				021EAFD11B7DDD2900D73BD7 /* Security.framework in Frameworks */,
				021EAF6B1B7D9A7C00D73BD7 /* QuartzCore.framework in Frameworks */,
				C3558194FB1F07B28789C800 /* Pods_DemoCollection.framework in Frameworks */,
				BF197F581D410D3800297ECF /* AlipaySDK.framework in Frameworks */,
			);
			runOnlyForDeploymentPostprocessing = 0;
		};
		02EF346A1B7C792A0099D4D9 /* Frameworks */ = {
			isa = PBXFrameworksBuildPhase;
			buildActionMask = 2147483647;
			files = (
			);
			runOnlyForDeploymentPostprocessing = 0;
		};
/* End PBXFrameworksBuildPhase section */

/* Begin PBXGroup section */
		0217E9B21B7CAFA200ADCAF8 /* CallBack */ = {
			isa = PBXGroup;
			children = (
				02EF347D1B7C7A690099D4D9 /* CallBackVC.h */,
				02EF347E1B7C7A690099D4D9 /* CallBackVC.m */,
				02EF34801B7C7A7C0099D4D9 /* DelegateVC.h */,
				02EF34811B7C7A7C0099D4D9 /* DelegateVC.m */,
				0217E9AF1B7C979300ADCAF8 /* BlockVC.h */,
				0217E9B01B7C979300ADCAF8 /* BlockVC.m */,
			);
			name = CallBack;
			sourceTree = "<group>";
		};
		0217E9B31B7CB33800ADCAF8 /* TableView */ = {
			isa = PBXGroup;
			children = (
				021EAF6C1B7DBEE800D73BD7 /* TableViewVC.h */,
				021EAF6D1B7DBEE800D73BD7 /* TableViewVC.m */,
				021EAF731B7DCEE400D73BD7 /* CustomCell */,
			);
			name = TableView;
			sourceTree = "<group>";
		};
		0217E9B41B7D79AF00ADCAF8 /* CollectionView */ = {
			isa = PBXGroup;
			children = (
			);
			name = CollectionView;
			sourceTree = "<group>";
		};
		0217E9B51B7D79B300ADCAF8 /* ScrollView */ = {
			isa = PBXGroup;
			children = (
				029029981B8344580079AF30 /* ScrollViewVC.h */,
				029029991B8344580079AF30 /* ScrollViewVC.m */,
				0290299B1B8346950079AF30 /* PageScrollView.h */,
				0290299C1B8346950079AF30 /* PageScrollView.m */,
			);
			name = ScrollView;
			sourceTree = "<group>";
		};
		021EAF651B7D838D00D73BD7 /* GCD */ = {
			isa = PBXGroup;
			children = (
				029029851B81F4FD0079AF30 /* GCDVC.h */,
				029029861B81F4FD0079AF30 /* GCDVC.m */,
				029029881B81F6860079AF30 /* AsyncVC.h */,
				029029891B81F6860079AF30 /* AsyncVC.m */,
				0290298B1B81FBAA0079AF30 /* GroupAsyncVC.h */,
				0290298C1B81FBAA0079AF30 /* GroupAsyncVC.m */,
				0290298E1B8201580079AF30 /* BarrierAsyncVC.h */,
				0290298F1B8201580079AF30 /* BarrierAsyncVC.m */,
			);
			name = GCD;
			sourceTree = "<group>";
		};
		021EAF661B7D83BF00D73BD7 /* Helper */ = {
			isa = PBXGroup;
			children = (
				02EF34861B7C81330099D4D9 /* UITableView+Helper.h */,
				02EF34871B7C81330099D4D9 /* UITableView+Helper.m */,
				021EAF671B7D967700D73BD7 /* UIView+Helper.h */,
				021EAF681B7D967700D73BD7 /* UIView+Helper.m */,
			);
			name = Helper;
			sourceTree = "<group>";
		};
		021EAF6F1B7DC16C00D73BD7 /* View */ = {
			isa = PBXGroup;
			children = (
				02CF0C451B8742D000415CEC /* PickerView */,
			);
			name = View;
			sourceTree = "<group>";
		};
		021EAF731B7DCEE400D73BD7 /* CustomCell */ = {
			isa = PBXGroup;
			children = (
				021EAF701B7DC19C00D73BD7 /* CustomButton.h */,
				021EAF711B7DC19C00D73BD7 /* CustomButton.m */,
				021EAF741B7DCF1200D73BD7 /* CustomCellVC.h */,
				021EAF751B7DCF1200D73BD7 /* CustomCellVC.m */,
				021EAF771B7DD11C00D73BD7 /* CustomTableViewCell.h */,
				021EAF781B7DD11C00D73BD7 /* CustomTableViewCell.m */,
			);
			name = CustomCell;
			sourceTree = "<group>";
		};
		021EAF7C1B7DD8DC00D73BD7 /* Network */ = {
			isa = PBXGroup;
			children = (
				0276CDCC1BF49F56007A7D87 /* DownloadImagesVC.h */,
				0276CDCD1BF49F56007A7D87 /* DownloadImagesVC.m */,
			);
			name = Network;
			sourceTree = "<group>";
		};
		026DDA921B9477E200FCB935 /* LoadMore */ = {
			isa = PBXGroup;
			children = (
				026DDA931B94782C00FCB935 /* LoadMoewVC.h */,
				026DDA941B94782C00FCB935 /* LoadMoewVC.m */,
			);
			name = LoadMore;
			sourceTree = "<group>";
		};
		029029911B82E29C0079AF30 /* Animation */ = {
			isa = PBXGroup;
			children = (
				BF0A99E81CD2075000F68EE5 /* DynamicButton */,
				029029921B82E2B90079AF30 /* AnimationVC.h */,
				029029931B82E2B90079AF30 /* AnimationVC.m */,
				029029951B82E4010079AF30 /* AnimationView.h */,
				029029961B82E4010079AF30 /* AnimationView.m */,
				BF0A99E61CD2041300F68EE5 /* AnimationButtonVC.swift */,
			);
			name = Animation;
			sourceTree = "<group>";
		};
		029029A51B846FB80079AF30 /* Other */ = {
			isa = PBXGroup;
			children = (
				BF81790A1D4325AB0086E962 /* Masonry */,
				BF8179061D430F1F0086E962 /* 二维码 */,
				BF96F2501D41FA94000FF3D0 /* JS Patch */,
				BF96F24F1D41FA80000FF3D0 /* 前端 */,
				BF197F511D410A8900297ECF /* 支付宝 */,
				BF8178FA1D4301740086E962 /* OtherVC.h */,
				BF8178FB1D4301740086E962 /* OtherVC.m */,
			);
			name = Other;
			path = ..;
			sourceTree = "<group>";
		};
		029029B91B85EE370079AF30 /* SelectPicture */ = {
			isa = PBXGroup;
			children = (
				029029BA1B85EE9D0079AF30 /* SelectPictureVC.h */,
				029029BB1B85EE9D0079AF30 /* SelectPictureVC.m */,
			);
			name = SelectPicture;
			sourceTree = "<group>";
		};
		02CF0C411B873CF200415CEC /* Framework */ = {
			isa = PBXGroup;
			children = (
				BF197F551D410D3800297ECF /* AlipaySDK.bundle */,
				BF197F561D410D3800297ECF /* AlipaySDK.framework */,
				021EAFD41B7DDD3D00D73BD7 /* CFNetwork.framework */,
				021EAFD21B7DDD3500D73BD7 /* SystemConfiguration.framework */,
				021EAFD01B7DDD2900D73BD7 /* Security.framework */,
				021EAF6A1B7D9A7C00D73BD7 /* QuartzCore.framework */,
			);
			name = Framework;
			sourceTree = "<group>";
		};
		02CF0C421B873D1200415CEC /* Interface */ = {
			isa = PBXGroup;
			children = (
				02EF34661B7C79290099D4D9 /* LaunchScreen.xib */,
				02CF0C431B873D4500415CEC /* CustomSelect.xib */,
			);
			name = Interface;
			sourceTree = "<group>";
		};
		02CF0C451B8742D000415CEC /* PickerView */ = {
			isa = PBXGroup;
			children = (
				02CF0C461B87430100415CEC /* CustomPickerView.h */,
				02CF0C471B87430100415CEC /* CustomPickerView.m */,
			);
			name = PickerView;
			sourceTree = "<group>";
		};
		02EF344B1B7C79290099D4D9 = {
			isa = PBXGroup;
			children = (
				02EF34561B7C79290099D4D9 /* DemoCollection */,
				02EF34551B7C79290099D4D9 /* Products */,
				CE06A5CB50C3666DA4E4AFC9 /* Frameworks */,
				0705F3DC4786955C3D5BAB73 /* Pods */,
			);
			sourceTree = "<group>";
		};
		02EF34551B7C79290099D4D9 /* Products */ = {
			isa = PBXGroup;
			children = (
				02EF34541B7C79290099D4D9 /* DemoCollection.app */,
				02EF346D1B7C792A0099D4D9 /* DemoCollectionTests.xctest */,
			);
			name = Products;
			sourceTree = "<group>";
		};
		02EF34561B7C79290099D4D9 /* DemoCollection */ = {
			isa = PBXGroup;
			children = (
				02EF345B1B7C79290099D4D9 /* AppDelegate.h */,
				02EF345C1B7C79290099D4D9 /* AppDelegate.m */,
				02EF34831B7C7AED0099D4D9 /* RootVC.h */,
				02EF34841B7C7AED0099D4D9 /* RootVC.m */,
				BF96AE5E1D2CE47D008CA0AA /* Core Graphic */,
				BFA849D31D13D561000BF5CA /* Draw */,
				BF47D1291D0D80A80041E989 /* Paint */,
				BF45AD021D0BD703006F5051 /* KVO */,
				021EAF7C1B7DD8DC00D73BD7 /* Network */,
				0217E9B21B7CAFA200ADCAF8 /* CallBack */,
				0217E9B31B7CB33800ADCAF8 /* TableView */,
				0217E9B41B7D79AF00ADCAF8 /* CollectionView */,
				0217E9B51B7D79B300ADCAF8 /* ScrollView */,
				021EAF651B7D838D00D73BD7 /* GCD */,
				029029911B82E29C0079AF30 /* Animation */,
				029029B91B85EE370079AF30 /* SelectPicture */,
				EA79874E1B8A23F400E84103 /* Gesture */,
				029029A51B846FB80079AF30 /* Other */,
				021EAF6F1B7DC16C00D73BD7 /* View */,
				021EAF661B7D83BF00D73BD7 /* Helper */,
				026DDA921B9477E200FCB935 /* LoadMore */,
				BFEE05821D1A1F1000D574BC /* DesignPattern */,
				02EF34571B7C79290099D4D9 /* Supporting Files */,
			);
			path = DemoCollection;
			sourceTree = "<group>";
		};
		02EF34571B7C79290099D4D9 /* Supporting Files */ = {
			isa = PBXGroup;
			children = (
				02CF0C411B873CF200415CEC /* Framework */,
				02CF0C421B873D1200415CEC /* Interface */,
				BF0A99E31CD203A000F68EE5 /* DemoCollection-Bridging-Header.h */,
				02EF34611B7C79290099D4D9 /* Main.storyboard */,
				BF8179071D4318310086E962 /* Other.storyboard */,
				02EF34641B7C79290099D4D9 /* Images.xcassets */,
				02EF34581B7C79290099D4D9 /* Info.plist */,
				BF96F2631D422528000FF3D0 /* Image */,
				02EF34591B7C79290099D4D9 /* main.m */,
				BF8178F51D4301470086E962 /* H5Control.bundle */,
				02C212D51BF4AE5400079886 /* ImageUrl.plist */,
			);
			name = "Supporting Files";
			sourceTree = "<group>";
		};
		0705F3DC4786955C3D5BAB73 /* Pods */ = {
			isa = PBXGroup;
			children = (
				77BC2493EC6E60D0FD5E0FE8 /* Pods-DemoCollection.debug.xcconfig */,
				BDC2E71CF74CB4D54A3A1893 /* Pods-DemoCollection.release.xcconfig */,
			);
			name = Pods;
			sourceTree = "<group>";
		};
		BF0A99E81CD2075000F68EE5 /* DynamicButton */ = {
			isa = PBXGroup;
			children = (
				BF0A99E91CD2078000F68EE5 /* DynamicButton.swift */,
				BFB73A7E1CD3556A0049035E /* CircleLayer.swift */,
			);
			name = DynamicButton;
			sourceTree = "<group>";
		};
		BF197F511D410A8900297ECF /* 支付宝 */ = {
			isa = PBXGroup;
			children = (
				BF97CACC1D45B22E00C5CFD2 /* PayRNVC.h */,
				BF97CACD1D45B22E00C5CFD2 /* PayRNVC.m */,
				BF8178F71D43015E0086E962 /* AlipayVC.h */,
				BF8178F81D43015E0086E962 /* AlipayVC.m */,
			);
			name = "支付宝";
			sourceTree = "<group>";
		};
		BF45AD021D0BD703006F5051 /* KVO */ = {
			isa = PBXGroup;
			children = (
				BF45AD031D0BDE07006F5051 /* Person.h */,
				BF45AD041D0BDE07006F5051 /* Person.m */,
				BF45AD061D0BDE31006F5051 /* KeyAndValueVC.h */,
				BF45AD071D0BDE31006F5051 /* KeyAndValueVC.m */,
			);
			name = KVO;
			sourceTree = "<group>";
		};
		BF47D1291D0D80A80041E989 /* Paint */ = {
			isa = PBXGroup;
			children = (
				BF47D12D1D0D838D0041E989 /* CanvasVC.swift */,
				BF47D12F1D0D83B10041E989 /* PaletteVC.swift */,
				BF47D1311D0D83C50041E989 /* ThumbnailVC.swift */,
				BF2487121D275A2C0075A88D /* CanvasView.swift */,
				BF2487141D2797B50075A88D /* CanvasModel.swift */,
				BF24871B1D28EBD50075A88D /* CanvasSetView.swift */,
				BF2487191D28EAD20075A88D /* CanvasSet.xib */,
			);
			name = Paint;
			sourceTree = "<group>";
		};
		BF8179061D430F1F0086E962 /* 二维码 */ = {
			isa = PBXGroup;
			children = (
				BF97CAB41D44870500C5CFD2 /* QRCodeVC.h */,
				BF97CAB51D44870500C5CFD2 /* QRCodeVC.m */,
				BF97CAB71D4488C800C5CFD2 /* ScanBackgroundView.h */,
				BF97CAB81D4488C800C5CFD2 /* ScanBackgroundView.m */,
				BF97CABA1D448A8300C5CFD2 /* ScanView.h */,
				BF97CABB1D448A8300C5CFD2 /* ScanView.m */,
			);
			name = "二维码";
			sourceTree = "<group>";
		};
		BF81790A1D4325AB0086E962 /* Masonry */ = {
			isa = PBXGroup;
			children = (
				BF81790B1D4326A00086E962 /* MasonryVC.h */,
				BF81790C1D4326A00086E962 /* MasonryVC.m */,
			);
			name = Masonry;
			sourceTree = "<group>";
		};
		BF96AE5E1D2CE47D008CA0AA /* Core Graphic */ = {
			isa = PBXGroup;
			children = (
				BF96AE5F1D2CE4A7008CA0AA /* GraphicVC.swift */,
				BF96AE651D2DF0C4008CA0AA /* GraphicView.swift */,
				BF96AE611D2CE60E008CA0AA /* BezierPathVC.swift */,
				BF96AE631D2CEA97008CA0AA /* BezierPathView.swift */,
			);
			name = "Core Graphic";
			sourceTree = "<group>";
		};
		BF96F24F1D41FA80000FF3D0 /* 前端 */ = {
			isa = PBXGroup;
			children = (
				BF8178FD1D43018E0086E962 /* UrlProtocolVC.h */,
				BF8178FE1D43018E0086E962 /* UrlProtocolVC.m */,
				BF8179001D43019B0086E962 /* HtmlLocalVC.h */,
				BF8179011D43019B0086E962 /* HtmlLocalVC.m */,
				BF8179021D43019B0086E962 /* HtmlRecognizeVC.h */,
				BF8179031D43019B0086E962 /* HtmlRecognizeVC.m */,
			);
			name = "前端";
			sourceTree = "<group>";
		};
		BF96F2501D41FA94000FF3D0 /* JS Patch */ = {
			isa = PBXGroup;
			children = (
			);
			name = "JS Patch";
			sourceTree = "<group>";
		};
		BF96F2631D422528000FF3D0 /* Image */ = {
			isa = PBXGroup;
			children = (
				BF96F25F1D422528000FF3D0 /* jay1.jpg */,
				BF96F2601D422528000FF3D0 /* jay2.jpg */,
				BF96F2611D422528000FF3D0 /* jay3.jpg */,
				BF96F2621D422528000FF3D0 /* jay4.jpg */,
			);
			name = Image;
			path = ../../../WorkSpace/LeChange/LoseAnson/Resource/Image;
			sourceTree = "<group>";
		};
		BFA849D31D13D561000BF5CA /* Draw */ = {
			isa = PBXGroup;
			children = (
				BFA849D41D13D63A000BF5CA /* DrawVC.h */,
				BFA849D51D13D63A000BF5CA /* DrawVC.m */,
				BFA849D71D13D7A8000BF5CA /* ProcessCircleView.h */,
				BFA849D81D13D7A8000BF5CA /* ProcessCircleView.m */,
				BFEE05711D13F86A00D574BC /* DrawView.swift */,
			);
			name = Draw;
			sourceTree = "<group>";
		};
		BFEE05821D1A1F1000D574BC /* DesignPattern */ = {
			isa = PBXGroup;
			children = (
				BFEE05841D1A20E900D574BC /* Strategy */,
				BFEE05831D1A20A800D574BC /* FactoryMethod */,
			);
			name = DesignPattern;
			sourceTree = "<group>";
		};
		BFEE05831D1A20A800D574BC /* FactoryMethod */ = {
			isa = PBXGroup;
			children = (
			);
			name = FactoryMethod;
			sourceTree = "<group>";
		};
		BFEE05841D1A20E900D574BC /* Strategy */ = {
			isa = PBXGroup;
			children = (
				BFEE05851D1A22FA00D574BC /* StrategyVC.swift */,
			);
			name = Strategy;
			sourceTree = "<group>";
		};
		CE06A5CB50C3666DA4E4AFC9 /* Frameworks */ = {
			isa = PBXGroup;
			children = (
				BFD0CFA61D45B9D400615F18 /* AVFoundation.framework */,
				BF197F671D410DF400297ECF /* CoreMotion.framework */,
				BF197F651D410DE500297ECF /* Foundation.framework */,
				BF197F631D410DDE00297ECF /* UIKit.framework */,
				BF197F611D410DD400297ECF /* CoreGraphics.framework */,
				BF197F5F1D410DCA00297ECF /* CoreText.framework */,
				BF197F5D1D410DBB00297ECF /* CoreTelephony.framework */,
				BF197F5B1D410DA000297ECF /* libz.tbd */,
				BF197F591D410D8000297ECF /* libc++.tbd */,
				4190366A33985D3019EBE923 /* Pods.framework */,
				932184C97FE560B60172734D /* Pods_DemoCollection.framework */,
			);
			name = Frameworks;
			sourceTree = "<group>";
		};
		EA79874E1B8A23F400E84103 /* Gesture */ = {
			isa = PBXGroup;
			children = (
				EA79874F1B8A241A00E84103 /* GestureVC.h */,
				EA7987501B8A241A00E84103 /* GestureVC.m */,
			);
			name = Gesture;
			sourceTree = "<group>";
		};
/* End PBXGroup section */

/* Begin PBXNativeTarget section */
		02EF34531B7C79290099D4D9 /* DemoCollection */ = {
			isa = PBXNativeTarget;
			buildConfigurationList = 02EF34771B7C792A0099D4D9 /* Build configuration list for PBXNativeTarget "DemoCollection" */;
			buildPhases = (
				61436CB9E762C418C2DEEDCE /* 📦 Check Pods Manifest.lock */,
				02EF34501B7C79290099D4D9 /* Sources */,
				02EF34511B7C79290099D4D9 /* Frameworks */,
				02EF34521B7C79290099D4D9 /* Resources */,
				01A0D05D199A29659846D219 /* 📦 Embed Pods Frameworks */,
				B4A2BBED46AC2306074D4852 /* 📦 Copy Pods Resources */,
			);
			buildRules = (
			);
			dependencies = (
			);
			name = DemoCollection;
			productName = DemoCollection;
			productReference = 02EF34541B7C79290099D4D9 /* DemoCollection.app */;
			productType = "com.apple.product-type.application";
		};
		02EF346C1B7C792A0099D4D9 /* DemoCollectionTests */ = {
			isa = PBXNativeTarget;
			buildConfigurationList = 02EF347A1B7C792A0099D4D9 /* Build configuration list for PBXNativeTarget "DemoCollectionTests" */;
			buildPhases = (
				02EF34691B7C792A0099D4D9 /* Sources */,
				02EF346A1B7C792A0099D4D9 /* Frameworks */,
				02EF346B1B7C792A0099D4D9 /* Resources */,
			);
			buildRules = (
			);
			dependencies = (
				02EF346F1B7C792A0099D4D9 /* PBXTargetDependency */,
			);
			name = DemoCollectionTests;
			productName = DemoCollectionTests;
			productReference = 02EF346D1B7C792A0099D4D9 /* DemoCollectionTests.xctest */;
			productType = "com.apple.product-type.bundle.unit-test";
		};
/* End PBXNativeTarget section */

/* Begin PBXProject section */
		02EF344C1B7C79290099D4D9 /* Project object */ = {
			isa = PBXProject;
			attributes = {
				LastSwiftUpdateCheck = 0730;
				LastUpgradeCheck = 0730;
				ORGANIZATIONNAME = "浙江大华";
				TargetAttributes = {
					02EF34531B7C79290099D4D9 = {
						CreatedOnToolsVersion = 6.4;
						DevelopmentTeam = EJ7PPF7RZJ;
					};
					02EF346C1B7C792A0099D4D9 = {
						CreatedOnToolsVersion = 6.4;
						TestTargetID = 02EF34531B7C79290099D4D9;
					};
				};
			};
			buildConfigurationList = 02EF344F1B7C79290099D4D9 /* Build configuration list for PBXProject "DemoCollection" */;
			compatibilityVersion = "Xcode 3.2";
			developmentRegion = English;
			hasScannedForEncodings = 0;
			knownRegions = (
				en,
				Base,
			);
			mainGroup = 02EF344B1B7C79290099D4D9;
			productRefGroup = 02EF34551B7C79290099D4D9 /* Products */;
			projectDirPath = "";
			projectRoot = "";
			targets = (
				02EF34531B7C79290099D4D9 /* DemoCollection */,
				02EF346C1B7C792A0099D4D9 /* DemoCollectionTests */,
			);
		};
/* End PBXProject section */

/* Begin PBXResourcesBuildPhase section */
		02EF34521B7C79290099D4D9 /* Resources */ = {
			isa = PBXResourcesBuildPhase;
			buildActionMask = 2147483647;
			files = (
				BF24871A1D28EAD20075A88D /* CanvasSet.xib in Resources */,
				BF96F2651D422528000FF3D0 /* jay2.jpg in Resources */,
				02CF0C441B873D4500415CEC /* CustomSelect.xib in Resources */,
				BF8178F61D4301470086E962 /* H5Control.bundle in Resources */,
				BF197F571D410D3800297ECF /* AlipaySDK.bundle in Resources */,
				02EF34631B7C79290099D4D9 /* Main.storyboard in Resources */,
				BF96F2641D422528000FF3D0 /* jay1.jpg in Resources */,
				02C212D61BF4AE5400079886 /* ImageUrl.plist in Resources */,
				BF96F2671D422528000FF3D0 /* jay4.jpg in Resources */,
				02EF34681B7C79290099D4D9 /* LaunchScreen.xib in Resources */,
				BF8179091D4318310086E962 /* Other.storyboard in Resources */,
				BF96F2661D422528000FF3D0 /* jay3.jpg in Resources */,
				02EF34651B7C79290099D4D9 /* Images.xcassets in Resources */,
			);
			runOnlyForDeploymentPostprocessing = 0;
		};
		02EF346B1B7C792A0099D4D9 /* Resources */ = {
			isa = PBXResourcesBuildPhase;
			buildActionMask = 2147483647;
			files = (
			);
			runOnlyForDeploymentPostprocessing = 0;
		};
/* End PBXResourcesBuildPhase section */

/* Begin PBXShellScriptBuildPhase section */
		01A0D05D199A29659846D219 /* 📦 Embed Pods Frameworks */ = {
			isa = PBXShellScriptBuildPhase;
			buildActionMask = 2147483647;
			files = (
			);
			inputPaths = (
			);
			name = "📦 Embed Pods Frameworks";
			outputPaths = (
			);
			runOnlyForDeploymentPostprocessing = 0;
			shellPath = /bin/sh;
			shellScript = "\"${SRCROOT}/Pods/Target Support Files/Pods-DemoCollection/Pods-DemoCollection-frameworks.sh\"\n";
			showEnvVarsInLog = 0;
		};
		61436CB9E762C418C2DEEDCE /* 📦 Check Pods Manifest.lock */ = {
			isa = PBXShellScriptBuildPhase;
			buildActionMask = 2147483647;
			files = (
			);
			inputPaths = (
			);
			name = "📦 Check Pods Manifest.lock";
			outputPaths = (
			);
			runOnlyForDeploymentPostprocessing = 0;
			shellPath = /bin/sh;
			shellScript = "diff \"${PODS_ROOT}/../Podfile.lock\" \"${PODS_ROOT}/Manifest.lock\" > /dev/null\nif [[ $? != 0 ]] ; then\n    cat << EOM\nerror: The sandbox is not in sync with the Podfile.lock. Run 'pod install' or update your CocoaPods installation.\nEOM\n    exit 1\nfi\n";
			showEnvVarsInLog = 0;
		};
		B4A2BBED46AC2306074D4852 /* 📦 Copy Pods Resources */ = {
			isa = PBXShellScriptBuildPhase;
			buildActionMask = 2147483647;
			files = (
			);
			inputPaths = (
			);
			name = "📦 Copy Pods Resources";
			outputPaths = (
			);
			runOnlyForDeploymentPostprocessing = 0;
			shellPath = /bin/sh;
			shellScript = "\"${SRCROOT}/Pods/Target Support Files/Pods-DemoCollection/Pods-DemoCollection-resources.sh\"\n";
			showEnvVarsInLog = 0;
		};
/* End PBXShellScriptBuildPhase section */

/* Begin PBXSourcesBuildPhase section */
		02EF34501B7C79290099D4D9 /* Sources */ = {
			isa = PBXSourcesBuildPhase;
			buildActionMask = 2147483647;
			files = (
				0217E9B11B7C979300ADCAF8 /* BlockVC.m in Sources */,
				02CF0C481B87430100415CEC /* CustomPickerView.m in Sources */,
				BF2487131D275A2C0075A88D /* CanvasView.swift in Sources */,
				02EF347F1B7C7A690099D4D9 /* CallBackVC.m in Sources */,
				021EAF791B7DD11C00D73BD7 /* CustomTableViewCell.m in Sources */,
				0276CDCE1BF49F56007A7D87 /* DownloadImagesVC.m in Sources */,
				021EAF761B7DCF1200D73BD7 /* CustomCellVC.m in Sources */,
				BF97CACE1D45B22E00C5CFD2 /* PayRNVC.m in Sources */,
				026DDA951B94782C00FCB935 /* LoadMoewVC.m in Sources */,
				02EF345D1B7C79290099D4D9 /* AppDelegate.m in Sources */,
				BF2487151D2797B50075A88D /* CanvasModel.swift in Sources */,
				BFEE05861D1A22FA00D574BC /* StrategyVC.swift in Sources */,
				BF8179051D43019B0086E962 /* HtmlRecognizeVC.m in Sources */,
				BF96AE641D2CEA97008CA0AA /* BezierPathView.swift in Sources */,
				BF47D12E1D0D838D0041E989 /* CanvasVC.swift in Sources */,
				02EF34821B7C7A7C0099D4D9 /* DelegateVC.m in Sources */,
				029029871B81F4FD0079AF30 /* GCDVC.m in Sources */,
				BF8179041D43019B0086E962 /* HtmlLocalVC.m in Sources */,
				BF0A99EA1CD2078000F68EE5 /* DynamicButton.swift in Sources */,
				BF81790D1D4326A00086E962 /* MasonryVC.m in Sources */,
				0290298D1B81FBAA0079AF30 /* GroupAsyncVC.m in Sources */,
				BFB73A7F1CD3556A0049035E /* CircleLayer.swift in Sources */,
				BFEE05721D13F86A00D574BC /* DrawView.swift in Sources */,
				02EF34881B7C81330099D4D9 /* UITableView+Helper.m in Sources */,
				029029971B82E4010079AF30 /* AnimationView.m in Sources */,
				BF47D1301D0D83B10041E989 /* PaletteVC.swift in Sources */,
				BF8178FC1D4301740086E962 /* OtherVC.m in Sources */,
				BF96AE661D2DF0C4008CA0AA /* GraphicView.swift in Sources */,
				BF24871C1D28EBD50075A88D /* CanvasSetView.swift in Sources */,
				BF45AD081D0BDE31006F5051 /* KeyAndValueVC.m in Sources */,
				029029901B8201580079AF30 /* BarrierAsyncVC.m in Sources */,
				029029941B82E2B90079AF30 /* AnimationVC.m in Sources */,
				BF97CAB91D4488C800C5CFD2 /* ScanBackgroundView.m in Sources */,
				02EF34851B7C7AED0099D4D9 /* RootVC.m in Sources */,
				021EAF721B7DC19C00D73BD7 /* CustomButton.m in Sources */,
				029029BC1B85EE9D0079AF30 /* SelectPictureVC.m in Sources */,
				BFA849D91D13D7A8000BF5CA /* ProcessCircleView.m in Sources */,
				BF47D1321D0D83C50041E989 /* ThumbnailVC.swift in Sources */,
				BF96AE621D2CE60E008CA0AA /* BezierPathVC.swift in Sources */,
				0290299D1B8346950079AF30 /* PageScrollView.m in Sources */,
				021EAF6E1B7DBEE800D73BD7 /* TableViewVC.m in Sources */,
				BF96AE601D2CE4A7008CA0AA /* GraphicVC.swift in Sources */,
				BF0A99E71CD2041300F68EE5 /* AnimationButtonVC.swift in Sources */,
				BF97CABC1D448A8300C5CFD2 /* ScanView.m in Sources */,
				BF45AD051D0BDE07006F5051 /* Person.m in Sources */,
				BFA849D61D13D63A000BF5CA /* DrawVC.m in Sources */,
				0290299A1B8344580079AF30 /* ScrollViewVC.m in Sources */,
				0290298A1B81F6860079AF30 /* AsyncVC.m in Sources */,
				021EAF691B7D967700D73BD7 /* UIView+Helper.m in Sources */,
				BF97CAB61D44870500C5CFD2 /* QRCodeVC.m in Sources */,
				EA7987511B8A241A00E84103 /* GestureVC.m in Sources */,
				02EF345A1B7C79290099D4D9 /* main.m in Sources */,
				BF8178F91D43015E0086E962 /* AlipayVC.m in Sources */,
				BF8178FF1D43018E0086E962 /* UrlProtocolVC.m in Sources */,
			);
			runOnlyForDeploymentPostprocessing = 0;
		};
		02EF34691B7C792A0099D4D9 /* Sources */ = {
			isa = PBXSourcesBuildPhase;
			buildActionMask = 2147483647;
			files = (
			);
			runOnlyForDeploymentPostprocessing = 0;
		};
/* End PBXSourcesBuildPhase section */

/* Begin PBXTargetDependency section */
		02EF346F1B7C792A0099D4D9 /* PBXTargetDependency */ = {
			isa = PBXTargetDependency;
			target = 02EF34531B7C79290099D4D9 /* DemoCollection */;
			targetProxy = 02EF346E1B7C792A0099D4D9 /* PBXContainerItemProxy */;
		};
/* End PBXTargetDependency section */

/* Begin PBXVariantGroup section */
		02EF34611B7C79290099D4D9 /* Main.storyboard */ = {
			isa = PBXVariantGroup;
			children = (
				02EF34621B7C79290099D4D9 /* Base */,
			);
			name = Main.storyboard;
			sourceTree = "<group>";
		};
		02EF34661B7C79290099D4D9 /* LaunchScreen.xib */ = {
			isa = PBXVariantGroup;
			children = (
				02EF34671B7C79290099D4D9 /* Base */,
			);
			name = LaunchScreen.xib;
			sourceTree = "<group>";
		};
		BF8179071D4318310086E962 /* Other.storyboard */ = {
			isa = PBXVariantGroup;
			children = (
				BF8179081D4318310086E962 /* Base */,
			);
			name = Other.storyboard;
			sourceTree = "<group>";
		};
/* End PBXVariantGroup section */

/* Begin XCBuildConfiguration section */
		02EF34751B7C792A0099D4D9 /* Debug */ = {
			isa = XCBuildConfiguration;
			buildSettings = {
				ALWAYS_SEARCH_USER_PATHS = NO;
				CLANG_CXX_LANGUAGE_STANDARD = "gnu++0x";
				CLANG_CXX_LIBRARY = "libc++";
				CLANG_ENABLE_MODULES = YES;
				CLANG_ENABLE_OBJC_ARC = YES;
				CLANG_WARN_BOOL_CONVERSION = YES;
				CLANG_WARN_CONSTANT_CONVERSION = YES;
				CLANG_WARN_DIRECT_OBJC_ISA_USAGE = YES_ERROR;
				CLANG_WARN_EMPTY_BODY = YES;
				CLANG_WARN_ENUM_CONVERSION = YES;
				CLANG_WARN_INT_CONVERSION = YES;
				CLANG_WARN_OBJC_ROOT_CLASS = YES_ERROR;
				CLANG_WARN_UNREACHABLE_CODE = YES;
				CLANG_WARN__DUPLICATE_METHOD_MATCH = YES;
				CODE_SIGN_IDENTITY = "iPhone Developer: mobile dahua (62BRLUN9V2)";
				"CODE_SIGN_IDENTITY[sdk=iphoneos*]" = "iPhone Developer: mobile dahua (62BRLUN9V2)";
				COPY_PHASE_STRIP = NO;
				DEBUG_INFORMATION_FORMAT = "dwarf-with-dsym";
				ENABLE_STRICT_OBJC_MSGSEND = YES;
				ENABLE_TESTABILITY = YES;
				GCC_C_LANGUAGE_STANDARD = gnu99;
				GCC_DYNAMIC_NO_PIC = NO;
				GCC_NO_COMMON_BLOCKS = YES;
				GCC_OPTIMIZATION_LEVEL = 0;
				GCC_PREPROCESSOR_DEFINITIONS = (
					"DEBUG=1",
					"$(inherited)",
				);
				GCC_SYMBOLS_PRIVATE_EXTERN = NO;
				GCC_WARN_64_TO_32_BIT_CONVERSION = YES;
				GCC_WARN_ABOUT_RETURN_TYPE = YES_ERROR;
				GCC_WARN_UNDECLARED_SELECTOR = YES;
				GCC_WARN_UNINITIALIZED_AUTOS = YES_AGGRESSIVE;
				GCC_WARN_UNUSED_FUNCTION = YES;
				GCC_WARN_UNUSED_VARIABLE = YES;
				IPHONEOS_DEPLOYMENT_TARGET = 8.4;
				MTL_ENABLE_DEBUG_INFO = YES;
				ONLY_ACTIVE_ARCH = YES;
				SDKROOT = iphoneos;
				TARGETED_DEVICE_FAMILY = "1,2";
			};
			name = Debug;
		};
		02EF34761B7C792A0099D4D9 /* Release */ = {
			isa = XCBuildConfiguration;
			buildSettings = {
				ALWAYS_SEARCH_USER_PATHS = NO;
				CLANG_CXX_LANGUAGE_STANDARD = "gnu++0x";
				CLANG_CXX_LIBRARY = "libc++";
				CLANG_ENABLE_MODULES = YES;
				CLANG_ENABLE_OBJC_ARC = YES;
				CLANG_WARN_BOOL_CONVERSION = YES;
				CLANG_WARN_CONSTANT_CONVERSION = YES;
				CLANG_WARN_DIRECT_OBJC_ISA_USAGE = YES_ERROR;
				CLANG_WARN_EMPTY_BODY = YES;
				CLANG_WARN_ENUM_CONVERSION = YES;
				CLANG_WARN_INT_CONVERSION = YES;
				CLANG_WARN_OBJC_ROOT_CLASS = YES_ERROR;
				CLANG_WARN_UNREACHABLE_CODE = YES;
				CLANG_WARN__DUPLICATE_METHOD_MATCH = YES;
				"CODE_SIGN_IDENTITY[sdk=iphoneos*]" = "iPhone Developer";
				COPY_PHASE_STRIP = NO;
				DEBUG_INFORMATION_FORMAT = "dwarf-with-dsym";
				ENABLE_NS_ASSERTIONS = NO;
				ENABLE_STRICT_OBJC_MSGSEND = YES;
				GCC_C_LANGUAGE_STANDARD = gnu99;
				GCC_NO_COMMON_BLOCKS = YES;
				GCC_WARN_64_TO_32_BIT_CONVERSION = YES;
				GCC_WARN_ABOUT_RETURN_TYPE = YES_ERROR;
				GCC_WARN_UNDECLARED_SELECTOR = YES;
				GCC_WARN_UNINITIALIZED_AUTOS = YES_AGGRESSIVE;
				GCC_WARN_UNUSED_FUNCTION = YES;
				GCC_WARN_UNUSED_VARIABLE = YES;
				IPHONEOS_DEPLOYMENT_TARGET = 8.4;
				MTL_ENABLE_DEBUG_INFO = NO;
				SDKROOT = iphoneos;
				TARGETED_DEVICE_FAMILY = "1,2";
				VALIDATE_PRODUCT = YES;
			};
			name = Release;
		};
		02EF34781B7C792A0099D4D9 /* Debug */ = {
			isa = XCBuildConfiguration;
			baseConfigurationReference = 77BC2493EC6E60D0FD5E0FE8 /* Pods-DemoCollection.debug.xcconfig */;
			buildSettings = {
				ASSETCATALOG_COMPILER_APPICON_NAME = AppIcon;
				CLANG_ENABLE_MODULES = YES;
				CODE_SIGN_IDENTITY = "iPhone Developer: mobile dahua (62BRLUN9V2)";
				"CODE_SIGN_IDENTITY[sdk=iphoneos*]" = "iPhone Developer: mobile dahua (62BRLUN9V2)";
				FRAMEWORK_SEARCH_PATHS = (
					"$(inherited)",
					"$(PROJECT_DIR)/DemoCollection",
				);
				INFOPLIST_FILE = DemoCollection/Info.plist;
				IPHONEOS_DEPLOYMENT_TARGET = 8.0;
				LD_RUNPATH_SEARCH_PATHS = "$(inherited) @executable_path/Frameworks";
				PRODUCT_BUNDLE_IDENTIFIER = "com.Tony.$(PRODUCT_NAME:rfc1034identifier)";
				PRODUCT_NAME = "$(TARGET_NAME)";
				PROVISIONING_PROFILE = "0928c607-e31f-4a87-b44e-2eb8afc68463";
				PROVISIONING_PROFILE_SPECIFIER = 9QZ8T7G56W/All_Device_Test_2015_09_09;
				SWIFT_OBJC_BRIDGING_HEADER = "DemoCollection/DemoCollection-Bridging-Header.h";
				SWIFT_OPTIMIZATION_LEVEL = "-Onone";
			};
			name = Debug;
		};
		02EF34791B7C792A0099D4D9 /* Release */ = {
			isa = XCBuildConfiguration;
			baseConfigurationReference = BDC2E71CF74CB4D54A3A1893 /* Pods-DemoCollection.release.xcconfig */;
			buildSettings = {
				ASSETCATALOG_COMPILER_APPICON_NAME = AppIcon;
				CLANG_ENABLE_MODULES = YES;
				CODE_SIGN_IDENTITY = "iPhone Developer: mobile dahua (62BRLUN9V2)";
				"CODE_SIGN_IDENTITY[sdk=iphoneos*]" = "iPhone Developer: mobile dahua (62BRLUN9V2)";
				FRAMEWORK_SEARCH_PATHS = (
					"$(inherited)",
					"$(PROJECT_DIR)/DemoCollection",
				);
				INFOPLIST_FILE = DemoCollection/Info.plist;
				IPHONEOS_DEPLOYMENT_TARGET = 8.0;
				LD_RUNPATH_SEARCH_PATHS = "$(inherited) @executable_path/Frameworks";
				PRODUCT_BUNDLE_IDENTIFIER = "com.Tony.$(PRODUCT_NAME:rfc1034identifier)";
				PRODUCT_NAME = "$(TARGET_NAME)";
				PROVISIONING_PROFILE = "0928c607-e31f-4a87-b44e-2eb8afc68463";
				PROVISIONING_PROFILE_SPECIFIER = 9QZ8T7G56W/All_Device_Test_2015_09_09;
				SWIFT_OBJC_BRIDGING_HEADER = "DemoCollection/DemoCollection-Bridging-Header.h";
			};
			name = Release;
		};
		02EF347B1B7C792A0099D4D9 /* Debug */ = {
			isa = XCBuildConfiguration;
			buildSettings = {
				BUNDLE_LOADER = "$(TEST_HOST)";
				FRAMEWORK_SEARCH_PATHS = (
					"$(SDKROOT)/Developer/Library/Frameworks",
					"$(inherited)",
				);
				GCC_PREPROCESSOR_DEFINITIONS = (
					"DEBUG=1",
					"$(inherited)",
				);
				INFOPLIST_FILE = DemoCollectionTests/Info.plist;
				LD_RUNPATH_SEARCH_PATHS = "$(inherited) @executable_path/Frameworks @loader_path/Frameworks";
				PRODUCT_NAME = "$(TARGET_NAME)";
				TEST_HOST = "$(BUILT_PRODUCTS_DIR)/DemoCollection.app/DemoCollection";
			};
			name = Debug;
		};
		02EF347C1B7C792A0099D4D9 /* Release */ = {
			isa = XCBuildConfiguration;
			buildSettings = {
				BUNDLE_LOADER = "$(TEST_HOST)";
				FRAMEWORK_SEARCH_PATHS = (
					"$(SDKROOT)/Developer/Library/Frameworks",
					"$(inherited)",
				);
				INFOPLIST_FILE = DemoCollectionTests/Info.plist;
				LD_RUNPATH_SEARCH_PATHS = "$(inherited) @executable_path/Frameworks @loader_path/Frameworks";
				PRODUCT_NAME = "$(TARGET_NAME)";
				TEST_HOST = "$(BUILT_PRODUCTS_DIR)/DemoCollection.app/DemoCollection";
			};
			name = Release;
		};
/* End XCBuildConfiguration section */

/* Begin XCConfigurationList section */
		02EF344F1B7C79290099D4D9 /* Build configuration list for PBXProject "DemoCollection" */ = {
			isa = XCConfigurationList;
			buildConfigurations = (
				02EF34751B7C792A0099D4D9 /* Debug */,
				02EF34761B7C792A0099D4D9 /* Release */,
			);
			defaultConfigurationIsVisible = 0;
			defaultConfigurationName = Release;
		};
		02EF34771B7C792A0099D4D9 /* Build configuration list for PBXNativeTarget "DemoCollection" */ = {
			isa = XCConfigurationList;
			buildConfigurations = (
				02EF34781B7C792A0099D4D9 /* Debug */,
				02EF34791B7C792A0099D4D9 /* Release */,
			);
			defaultConfigurationIsVisible = 0;
			defaultConfigurationName = Release;
		};
		02EF347A1B7C792A0099D4D9 /* Build configuration list for PBXNativeTarget "DemoCollectionTests" */ = {
			isa = XCConfigurationList;
			buildConfigurations = (
				02EF347B1B7C792A0099D4D9 /* Debug */,
				02EF347C1B7C792A0099D4D9 /* Release */,
			);
			defaultConfigurationIsVisible = 0;
			defaultConfigurationName = Release;
		};
/* End XCConfigurationList section */
	};
	rootObject = 02EF344C1B7C79290099D4D9 /* Project object */;
}
